
Microsoft Visual Studio Solution File, Format Version 12.00
# Visual Studio Version 17
VisualStudioVersion = 17.9.34622.214
MinimumVisualStudioVersion = 10.0.40219.1
Project("{FAE04EC0-301F-11D3-BF4B-00C04F79EFBC}") = "MoiPisni", "MoiPisni.csproj", "{3D6D36AA-ADDD-42B2-8336-494C93E7DCBE}"
EndProject
Global
	GlobalSection(SolutionConfigurationPlatforms) = preSolution
		Debug|Any CPU = Debug|Any CPU
		Release|Any CPU = Release|Any CPU
	EndGlobalSection
	GlobalSection(ProjectConfigurationPlatforms) = postSolution
		{3D6D36AA-ADDD-42B2-8336-494C93E7DCBE}.Debug|Any CPU.ActiveCfg = Debug|Any CPU
		{3D6D36AA-ADDD-42B2-8336-494C93E7DCBE}.Debug|Any CPU.Build.0 = Debug|Any CPU
		{3D6D36AA-ADDD-42B2-8336-494C93E7DCBE}.Release|Any CPU.ActiveCfg = Release|Any CPU
		{3D6D36AA-ADDD-42B2-8336-494C93E7DCBE}.Release|Any CPU.Build.0 = Release|Any CPU
	EndGlobalSection
	GlobalSection(SolutionProperties) = preSolution
		HideSolutionNode = FALSE
	EndGlobalSection
	GlobalSection(ExtensibilityGlobals) = postSolution
		SolutionGuid = {6ABA9651-CB2A-4F35-88EE-EE4F85729360}
	EndGlobalSection
EndGlobal
